
Microsoft Visual Studio Solution File, Format Version 12.00
# Visual Studio Version 17
VisualStudioVersion = 17.12.35527.113
MinimumVisualStudioVersion = 10.0.40219.1
Project("{2150E333-8FDC-42A3-9474-1A3956D46DE8}") = "Services", "Services", "{5C2057E9-0CC5-4C3C-8C12-3617D5F6A159}"
EndProject
Project("{2150E333-8FDC-42A3-9474-1A3956D46DE8}") = "Catalog", "Catalog", "{729EE50C-6953-4A11-A25D-CE60EDD1FC1E}"
EndProject
Project("{FAE04EC0-301F-11D3-BF4B-00C04F79EFBC}") = "MultiShop.Catalog", "Services\Catalog\MultiShop.Catalog\MultiShop.Catalog\MultiShop.Catalog.csproj", "{AB0E6AC3-D29A-4220-AD92-7B178F83D489}"
EndProject
Project("{2150E333-8FDC-42A3-9474-1A3956D46DE8}") = "Discount", "Discount", "{3CA16CF8-C54B-4953-B705-A43AB6E1CDDB}"
EndProject
Project("{FAE04EC0-301F-11D3-BF4B-00C04F79EFBC}") = "MultiShop.Discount", "Services\Discount\MultiShop.Discount\MultiShop.Discount.csproj", "{994B13CA-20C6-4301-9235-74E7B39B7B3C}"
EndProject
Project("{2150E333-8FDC-42A3-9474-1A3956D46DE8}") = "Order", "Order", "{89EB6828-B902-486E-B455-9BEA6F5D595A}"
EndProject
Project("{2150E333-8FDC-42A3-9474-1A3956D46DE8}") = "Core", "Core", "{12A6B7C6-72E5-4F31-A71F-C9ADD622579C}"
EndProject
Project("{2150E333-8FDC-42A3-9474-1A3956D46DE8}") = "Infrastructure", "Infrastructure", "{30CFEE6D-22C0-43B0-8708-DAB7CDAFA987}"
EndProject
Project("{2150E333-8FDC-42A3-9474-1A3956D46DE8}") = "Presentation", "Presentation", "{174D94DC-5793-44B1-87F3-BA35F7FBE2E4}"
EndProject
Project("{FAE04EC0-301F-11D3-BF4B-00C04F79EFBC}") = "MultiShop.Order.Domain", "Services\Order\Core\MultiShop.Order.Domain\MultiShop.Order.Domain.csproj", "{B7EED132-C009-4664-832D-DC3C253C4F5B}"
EndProject
Project("{FAE04EC0-301F-11D3-BF4B-00C04F79EFBC}") = "MultiShop.Order.Application", "Services\Order\Core\MultiShop.Order.Application\MultiShop.Order.Application.csproj", "{1DFF91F3-7D37-40C3-90F1-0005BC3B0642}"
EndProject
Project("{FAE04EC0-301F-11D3-BF4B-00C04F79EFBC}") = "MultiShop.Order.Persistence", "Services\Order\Infrastructure\MultiShop.Order.Persistence\MultiShop.Order.Persistence.csproj", "{3786BB04-9EBF-42B6-A510-3A487BB9DEF6}"
EndProject
Project("{FAE04EC0-301F-11D3-BF4B-00C04F79EFBC}") = "MultiShop.Order.WebApi", "Services\Order\Presentation\MultiShop.Order.WebApi\MultiShop.Order.WebApi.csproj", "{5060C822-0D5D-4EAA-ABC5-128501CEFE73}"
EndProject
Global
	GlobalSection(SolutionConfigurationPlatforms) = preSolution
		Debug|Any CPU = Debug|Any CPU
		Release|Any CPU = Release|Any CPU
	EndGlobalSection
	GlobalSection(ProjectConfigurationPlatforms) = postSolution
		{AB0E6AC3-D29A-4220-AD92-7B178F83D489}.Debug|Any CPU.ActiveCfg = Debug|Any CPU
		{AB0E6AC3-D29A-4220-AD92-7B178F83D489}.Debug|Any CPU.Build.0 = Debug|Any CPU
		{AB0E6AC3-D29A-4220-AD92-7B178F83D489}.Release|Any CPU.ActiveCfg = Release|Any CPU
		{AB0E6AC3-D29A-4220-AD92-7B178F83D489}.Release|Any CPU.Build.0 = Release|Any CPU
		{994B13CA-20C6-4301-9235-74E7B39B7B3C}.Debug|Any CPU.ActiveCfg = Debug|Any CPU
		{994B13CA-20C6-4301-9235-74E7B39B7B3C}.Debug|Any CPU.Build.0 = Debug|Any CPU
		{994B13CA-20C6-4301-9235-74E7B39B7B3C}.Release|Any CPU.ActiveCfg = Release|Any CPU
		{994B13CA-20C6-4301-9235-74E7B39B7B3C}.Release|Any CPU.Build.0 = Release|Any CPU
		{B7EED132-C009-4664-832D-DC3C253C4F5B}.Debug|Any CPU.ActiveCfg = Debug|Any CPU
		{B7EED132-C009-4664-832D-DC3C253C4F5B}.Debug|Any CPU.Build.0 = Debug|Any CPU
		{B7EED132-C009-4664-832D-DC3C253C4F5B}.Release|Any CPU.ActiveCfg = Release|Any CPU
		{B7EED132-C009-4664-832D-DC3C253C4F5B}.Release|Any CPU.Build.0 = Release|Any CPU
		{1DFF91F3-7D37-40C3-90F1-0005BC3B0642}.Debug|Any CPU.ActiveCfg = Debug|Any CPU
		{1DFF91F3-7D37-40C3-90F1-0005BC3B0642}.Debug|Any CPU.Build.0 = Debug|Any CPU
		{1DFF91F3-7D37-40C3-90F1-0005BC3B0642}.Release|Any CPU.ActiveCfg = Release|Any CPU
		{1DFF91F3-7D37-40C3-90F1-0005BC3B0642}.Release|Any CPU.Build.0 = Release|Any CPU
		{3786BB04-9EBF-42B6-A510-3A487BB9DEF6}.Debug|Any CPU.ActiveCfg = Debug|Any CPU
		{3786BB04-9EBF-42B6-A510-3A487BB9DEF6}.Debug|Any CPU.Build.0 = Debug|Any CPU
		{3786BB04-9EBF-42B6-A510-3A487BB9DEF6}.Release|Any CPU.ActiveCfg = Release|Any CPU
		{3786BB04-9EBF-42B6-A510-3A487BB9DEF6}.Release|Any CPU.Build.0 = Release|Any CPU
		{5060C822-0D5D-4EAA-ABC5-128501CEFE73}.Debug|Any CPU.ActiveCfg = Debug|Any CPU
		{5060C822-0D5D-4EAA-ABC5-128501CEFE73}.Debug|Any CPU.Build.0 = Debug|Any CPU
		{5060C822-0D5D-4EAA-ABC5-128501CEFE73}.Release|Any CPU.ActiveCfg = Release|Any CPU
		{5060C822-0D5D-4EAA-ABC5-128501CEFE73}.Release|Any CPU.Build.0 = Release|Any CPU
	EndGlobalSection
	GlobalSection(SolutionProperties) = preSolution
		HideSolutionNode = FALSE
	EndGlobalSection
	GlobalSection(NestedProjects) = preSolution
		{729EE50C-6953-4A11-A25D-CE60EDD1FC1E} = {5C2057E9-0CC5-4C3C-8C12-3617D5F6A159}
		{AB0E6AC3-D29A-4220-AD92-7B178F83D489} = {729EE50C-6953-4A11-A25D-CE60EDD1FC1E}
		{3CA16CF8-C54B-4953-B705-A43AB6E1CDDB} = {5C2057E9-0CC5-4C3C-8C12-3617D5F6A159}
		{994B13CA-20C6-4301-9235-74E7B39B7B3C} = {3CA16CF8-C54B-4953-B705-A43AB6E1CDDB}
		{89EB6828-B902-486E-B455-9BEA6F5D595A} = {5C2057E9-0CC5-4C3C-8C12-3617D5F6A159}
		{12A6B7C6-72E5-4F31-A71F-C9ADD622579C} = {89EB6828-B902-486E-B455-9BEA6F5D595A}
		{30CFEE6D-22C0-43B0-8708-DAB7CDAFA987} = {89EB6828-B902-486E-B455-9BEA6F5D595A}
		{174D94DC-5793-44B1-87F3-BA35F7FBE2E4} = {89EB6828-B902-486E-B455-9BEA6F5D595A}
		{B7EED132-C009-4664-832D-DC3C253C4F5B} = {12A6B7C6-72E5-4F31-A71F-C9ADD622579C}
		{1DFF91F3-7D37-40C3-90F1-0005BC3B0642} = {12A6B7C6-72E5-4F31-A71F-C9ADD622579C}
		{3786BB04-9EBF-42B6-A510-3A487BB9DEF6} = {30CFEE6D-22C0-43B0-8708-DAB7CDAFA987}
		{5060C822-0D5D-4EAA-ABC5-128501CEFE73} = {174D94DC-5793-44B1-87F3-BA35F7FBE2E4}
	EndGlobalSection
EndGlobal
